# This file is automatically @generated by Cargo.
# It is not intended for manual editing.
version = 4

[[package]]
name = "arkode_rs"
version = "7.7.0"
dependencies = [
 "sundials_core",
]

[[package]]
name = "cvode_rs"
version = "7.7.0"
dependencies = [
 "sundials_core",
]

[[package]]
name = "physical_object"
version = "0.1.0"
dependencies = [
 "arkode_rs",
 "cvode_rs",
 "sundials_core",
]

[[package]]
name = "posim"
version = "0.1.0"
dependencies = [
 "physical_object",
]

[[package]]
name = "sundials_core"
version = "7.7.0"
